
Microsoft Visual Studio Solution File, Format Version 12.00
# Visual Studio Version 16
VisualStudioVersion = 16.0.29709.97
MinimumVisualStudioVersion = 10.0.40219.1
Project("{9A19103F-16F7-4668-BE54-9A1E7A4F7556}") = "PaymentManagement.Web", "PaymentManagement.Web\PaymentManagement.Web.csproj", "{AEDB8B12-DC69-4495-B0DB-CE8AD744D3E8}"
EndProject
Project("{9A19103F-16F7-4668-BE54-9A1E7A4F7556}") = "PaymentManagement.Services", "PaymentManagement.Services\PaymentManagement.Services.csproj", "{F34E5D15-A9B5-46F5-8DCE-F1846B2ECCC2}"
EndProject
Project("{9A19103F-16F7-4668-BE54-9A1E7A4F7556}") = "PaymentManagement.DataLayer", "PaymentManagement.DataLayer\PaymentManagement.DataLayer.csproj", "{440D7BC5-2B9B-451C-A1DA-883809890917}"
EndProject
Project("{9A19103F-16F7-4668-BE54-9A1E7A4F7556}") = "PaymentManagement.Entity", "PaymentManagement.Entity\PaymentManagement.Entity.csproj", "{8AFF2F4D-77BC-4F25-B890-96080E16C1AD}"
EndProject
Global
	GlobalSection(SolutionConfigurationPlatforms) = preSolution
		Debug|Any CPU = Debug|Any CPU
		Release|Any CPU = Release|Any CPU
	EndGlobalSection
	GlobalSection(ProjectConfigurationPlatforms) = postSolution
		{AEDB8B12-DC69-4495-B0DB-CE8AD744D3E8}.Debug|Any CPU.ActiveCfg = Debug|Any CPU
		{AEDB8B12-DC69-4495-B0DB-CE8AD744D3E8}.Debug|Any CPU.Build.0 = Debug|Any CPU
		{AEDB8B12-DC69-4495-B0DB-CE8AD744D3E8}.Release|Any CPU.ActiveCfg = Release|Any CPU
		{AEDB8B12-DC69-4495-B0DB-CE8AD744D3E8}.Release|Any CPU.Build.0 = Release|Any CPU
		{F34E5D15-A9B5-46F5-8DCE-F1846B2ECCC2}.Debug|Any CPU.ActiveCfg = Debug|Any CPU
		{F34E5D15-A9B5-46F5-8DCE-F1846B2ECCC2}.Debug|Any CPU.Build.0 = Debug|Any CPU
		{F34E5D15-A9B5-46F5-8DCE-F1846B2ECCC2}.Release|Any CPU.ActiveCfg = Release|Any CPU
		{F34E5D15-A9B5-46F5-8DCE-F1846B2ECCC2}.Release|Any CPU.Build.0 = Release|Any CPU
		{440D7BC5-2B9B-451C-A1DA-883809890917}.Debug|Any CPU.ActiveCfg = Debug|Any CPU
		{440D7BC5-2B9B-451C-A1DA-883809890917}.Debug|Any CPU.Build.0 = Debug|Any CPU
		{440D7BC5-2B9B-451C-A1DA-883809890917}.Release|Any CPU.ActiveCfg = Release|Any CPU
		{440D7BC5-2B9B-451C-A1DA-883809890917}.Release|Any CPU.Build.0 = Release|Any CPU
		{8AFF2F4D-77BC-4F25-B890-96080E16C1AD}.Debug|Any CPU.ActiveCfg = Debug|Any CPU
		{8AFF2F4D-77BC-4F25-B890-96080E16C1AD}.Debug|Any CPU.Build.0 = Debug|Any CPU
		{8AFF2F4D-77BC-4F25-B890-96080E16C1AD}.Release|Any CPU.ActiveCfg = Release|Any CPU
		{8AFF2F4D-77BC-4F25-B890-96080E16C1AD}.Release|Any CPU.Build.0 = Release|Any CPU
	EndGlobalSection
	GlobalSection(SolutionProperties) = preSolution
		HideSolutionNode = FALSE
	EndGlobalSection
	GlobalSection(ExtensibilityGlobals) = postSolution
		SolutionGuid = {730F8829-2414-49FF-9A92-62BD904BEE18}
	EndGlobalSection
EndGlobal
